
Microsoft Visual Studio Solution File, Format Version 12.00
# Visual Studio Version 16
VisualStudioVersion = 16.0.31911.196
MinimumVisualStudioVersion = 10.0.40219.1
Project("{FAE04EC0-301F-11D3-BF4B-00C04F79EFBC}") = "AdminsTools", "AdminsTools\AdminsTools.csproj", "{DC15F0B3-3CE6-4043-9A4C-405C92801036}"
EndProject
Project("{FAE04EC0-301F-11D3-BF4B-00C04F79EFBC}") = "DataAcessLayer", "DataAcessLayer\DataAcessLayer.csproj", "{3EC219D7-94DF-4318-9BA4-D5CC97B8BF6F}"
EndProject
Project("{FAE04EC0-301F-11D3-BF4B-00C04F79EFBC}") = "UsersApp", "UsersApp\UsersApp.csproj", "{434A433C-B892-42DF-9C15-707ABC028ADA}"
EndProject
Project("{FAE04EC0-301F-11D3-BF4B-00C04F79EFBC}") = "DriverApp", "DriverApp\DriverApp.csproj", "{F7920A44-C85F-4225-81CE-1E3052B70998}"
EndProject
Global
	GlobalSection(SolutionConfigurationPlatforms) = preSolution
		Debug|Any CPU = Debug|Any CPU
		Release|Any CPU = Release|Any CPU
	EndGlobalSection
	GlobalSection(ProjectConfigurationPlatforms) = postSolution
		{DC15F0B3-3CE6-4043-9A4C-405C92801036}.Debug|Any CPU.ActiveCfg = Debug|Any CPU
		{DC15F0B3-3CE6-4043-9A4C-405C92801036}.Debug|Any CPU.Build.0 = Debug|Any CPU
		{DC15F0B3-3CE6-4043-9A4C-405C92801036}.Release|Any CPU.ActiveCfg = Release|Any CPU
		{DC15F0B3-3CE6-4043-9A4C-405C92801036}.Release|Any CPU.Build.0 = Release|Any CPU
		{3EC219D7-94DF-4318-9BA4-D5CC97B8BF6F}.Debug|Any CPU.ActiveCfg = Debug|Any CPU
		{3EC219D7-94DF-4318-9BA4-D5CC97B8BF6F}.Debug|Any CPU.Build.0 = Debug|Any CPU
		{3EC219D7-94DF-4318-9BA4-D5CC97B8BF6F}.Release|Any CPU.ActiveCfg = Release|Any CPU
		{3EC219D7-94DF-4318-9BA4-D5CC97B8BF6F}.Release|Any CPU.Build.0 = Release|Any CPU
		{434A433C-B892-42DF-9C15-707ABC028ADA}.Debug|Any CPU.ActiveCfg = Debug|Any CPU
		{434A433C-B892-42DF-9C15-707ABC028ADA}.Debug|Any CPU.Build.0 = Debug|Any CPU
		{434A433C-B892-42DF-9C15-707ABC028ADA}.Release|Any CPU.ActiveCfg = Release|Any CPU
		{434A433C-B892-42DF-9C15-707ABC028ADA}.Release|Any CPU.Build.0 = Release|Any CPU
		{F7920A44-C85F-4225-81CE-1E3052B70998}.Debug|Any CPU.ActiveCfg = Debug|Any CPU
		{F7920A44-C85F-4225-81CE-1E3052B70998}.Debug|Any CPU.Build.0 = Debug|Any CPU
		{F7920A44-C85F-4225-81CE-1E3052B70998}.Release|Any CPU.ActiveCfg = Release|Any CPU
		{F7920A44-C85F-4225-81CE-1E3052B70998}.Release|Any CPU.Build.0 = Release|Any CPU
	EndGlobalSection
	GlobalSection(SolutionProperties) = preSolution
		HideSolutionNode = FALSE
	EndGlobalSection
	GlobalSection(ExtensibilityGlobals) = postSolution
		SolutionGuid = {F480E2F5-82CA-4D68-891A-530498DF6AF9}
	EndGlobalSection
EndGlobal
